
Microsoft Visual Studio Solution File, Format Version 12.00
# Visual Studio 14
VisualStudioVersion = 14.0.22823.1
MinimumVisualStudioVersion = 10.0.40219.1
Project("{FAE04EC0-301F-11D3-BF4B-00C04F79EFBC}") = "VSO.Cortana", "VSO.Cortana\VSO.Cortana.csproj", "{496ECB3A-582D-446A-8863-294AF79F2161}"
EndProject
Project("{FAE04EC0-301F-11D3-BF4B-00C04F79EFBC}") = "VSO.Cortana.Service", "VSOService\VSO.Cortana.Service.csproj", "{ABD808CE-B39B-4D5D-8F3C-328699899D38}"
EndProject
Project("{FAE04EC0-301F-11D3-BF4B-00C04F79EFBC}") = "ConsoleTester", "ConsoleTester\ConsoleTester.csproj", "{85F9E4DC-152A-4C69-8A1C-3014C6FE9A4B}"
EndProject
Project("{FAE04EC0-301F-11D3-BF4B-00C04F79EFBC}") = "VSO.Cortana.UnitTests", "VSO.Cortana.UnitTests\VSO.Cortana.UnitTests.csproj", "{F8117628-37B1-4AC5-8DD8-D2E40B3C7E6D}"
EndProject
Project("{FAE04EC0-301F-11D3-BF4B-00C04F79EFBC}") = "VSO.Cortana.BackgroundService", "VSO.Cortana.BackgroundService\VSO.Cortana.BackgroundService.csproj", "{789836B1-5825-4A86-ADFE-53952C204560}"
EndProject
Global
	GlobalSection(SolutionConfigurationPlatforms) = preSolution
		Debug|Any CPU = Debug|Any CPU
		Debug|ARM = Debug|ARM
		Debug|x64 = Debug|x64
		Debug|x86 = Debug|x86
		Release|Any CPU = Release|Any CPU
		Release|ARM = Release|ARM
		Release|x64 = Release|x64
		Release|x86 = Release|x86
	EndGlobalSection
	GlobalSection(ProjectConfigurationPlatforms) = postSolution
		{496ECB3A-582D-446A-8863-294AF79F2161}.Debug|Any CPU.ActiveCfg = Debug|x86
		{496ECB3A-582D-446A-8863-294AF79F2161}.Debug|Any CPU.Build.0 = Debug|x86
		{496ECB3A-582D-446A-8863-294AF79F2161}.Debug|ARM.ActiveCfg = Debug|ARM
		{496ECB3A-582D-446A-8863-294AF79F2161}.Debug|ARM.Build.0 = Debug|ARM
		{496ECB3A-582D-446A-8863-294AF79F2161}.Debug|ARM.Deploy.0 = Debug|ARM
		{496ECB3A-582D-446A-8863-294AF79F2161}.Debug|x64.ActiveCfg = Debug|x64
		{496ECB3A-582D-446A-8863-294AF79F2161}.Debug|x64.Build.0 = Debug|x64
		{496ECB3A-582D-446A-8863-294AF79F2161}.Debug|x64.Deploy.0 = Debug|x64
		{496ECB3A-582D-446A-8863-294AF79F2161}.Debug|x86.ActiveCfg = Debug|x86
		{496ECB3A-582D-446A-8863-294AF79F2161}.Debug|x86.Build.0 = Debug|x86
		{496ECB3A-582D-446A-8863-294AF79F2161}.Debug|x86.Deploy.0 = Debug|x86
		{496ECB3A-582D-446A-8863-294AF79F2161}.Release|Any CPU.ActiveCfg = Release|x86
		{496ECB3A-582D-446A-8863-294AF79F2161}.Release|ARM.ActiveCfg = Release|ARM
		{496ECB3A-582D-446A-8863-294AF79F2161}.Release|ARM.Build.0 = Release|ARM
		{496ECB3A-582D-446A-8863-294AF79F2161}.Release|ARM.Deploy.0 = Release|ARM
		{496ECB3A-582D-446A-8863-294AF79F2161}.Release|x64.ActiveCfg = Release|x64
		{496ECB3A-582D-446A-8863-294AF79F2161}.Release|x64.Build.0 = Release|x64
		{496ECB3A-582D-446A-8863-294AF79F2161}.Release|x64.Deploy.0 = Release|x64
		{496ECB3A-582D-446A-8863-294AF79F2161}.Release|x86.ActiveCfg = Release|x86
		{496ECB3A-582D-446A-8863-294AF79F2161}.Release|x86.Build.0 = Release|x86
		{496ECB3A-582D-446A-8863-294AF79F2161}.Release|x86.Deploy.0 = Release|x86
		{ABD808CE-B39B-4D5D-8F3C-328699899D38}.Debug|Any CPU.ActiveCfg = Debug|Any CPU
		{ABD808CE-B39B-4D5D-8F3C-328699899D38}.Debug|Any CPU.Build.0 = Debug|Any CPU
		{ABD808CE-B39B-4D5D-8F3C-328699899D38}.Debug|ARM.ActiveCfg = Debug|Any CPU
		{ABD808CE-B39B-4D5D-8F3C-328699899D38}.Debug|ARM.Build.0 = Debug|Any CPU
		{ABD808CE-B39B-4D5D-8F3C-328699899D38}.Debug|x64.ActiveCfg = Debug|Any CPU
		{ABD808CE-B39B-4D5D-8F3C-328699899D38}.Debug|x64.Build.0 = Debug|Any CPU
		{ABD808CE-B39B-4D5D-8F3C-328699899D38}.Debug|x86.ActiveCfg = Debug|Any CPU
		{ABD808CE-B39B-4D5D-8F3C-328699899D38}.Debug|x86.Build.0 = Debug|Any CPU
		{ABD808CE-B39B-4D5D-8F3C-328699899D38}.Release|Any CPU.ActiveCfg = Release|Any CPU
		{ABD808CE-B39B-4D5D-8F3C-328699899D38}.Release|Any CPU.Build.0 = Release|Any CPU
		{ABD808CE-B39B-4D5D-8F3C-328699899D38}.Release|ARM.ActiveCfg = Release|Any CPU
		{ABD808CE-B39B-4D5D-8F3C-328699899D38}.Release|ARM.Build.0 = Release|Any CPU
		{ABD808CE-B39B-4D5D-8F3C-328699899D38}.Release|x64.ActiveCfg = Release|Any CPU
		{ABD808CE-B39B-4D5D-8F3C-328699899D38}.Release|x64.Build.0 = Release|Any CPU
		{ABD808CE-B39B-4D5D-8F3C-328699899D38}.Release|x86.ActiveCfg = Release|Any CPU
		{ABD808CE-B39B-4D5D-8F3C-328699899D38}.Release|x86.Build.0 = Release|Any CPU
		{85F9E4DC-152A-4C69-8A1C-3014C6FE9A4B}.Debug|Any CPU.ActiveCfg = Debug|Any CPU
		{85F9E4DC-152A-4C69-8A1C-3014C6FE9A4B}.Debug|Any CPU.Build.0 = Debug|Any CPU
		{85F9E4DC-152A-4C69-8A1C-3014C6FE9A4B}.Debug|ARM.ActiveCfg = Debug|Any CPU
		{85F9E4DC-152A-4C69-8A1C-3014C6FE9A4B}.Debug|ARM.Build.0 = Debug|Any CPU
		{85F9E4DC-152A-4C69-8A1C-3014C6FE9A4B}.Debug|x64.ActiveCfg = Debug|Any CPU
		{85F9E4DC-152A-4C69-8A1C-3014C6FE9A4B}.Debug|x64.Build.0 = Debug|Any CPU
		{85F9E4DC-152A-4C69-8A1C-3014C6FE9A4B}.Debug|x86.ActiveCfg = Debug|Any CPU
		{85F9E4DC-152A-4C69-8A1C-3014C6FE9A4B}.Debug|x86.Build.0 = Debug|Any CPU
		{85F9E4DC-152A-4C69-8A1C-3014C6FE9A4B}.Release|Any CPU.ActiveCfg = Release|Any CPU
		{85F9E4DC-152A-4C69-8A1C-3014C6FE9A4B}.Release|Any CPU.Build.0 = Release|Any CPU
		{85F9E4DC-152A-4C69-8A1C-3014C6FE9A4B}.Release|ARM.ActiveCfg = Release|Any CPU
		{85F9E4DC-152A-4C69-8A1C-3014C6FE9A4B}.Release|ARM.Build.0 = Release|Any CPU
		{85F9E4DC-152A-4C69-8A1C-3014C6FE9A4B}.Release|x64.ActiveCfg = Release|Any CPU
		{85F9E4DC-152A-4C69-8A1C-3014C6FE9A4B}.Release|x64.Build.0 = Release|Any CPU
		{85F9E4DC-152A-4C69-8A1C-3014C6FE9A4B}.Release|x86.ActiveCfg = Release|Any CPU
		{85F9E4DC-152A-4C69-8A1C-3014C6FE9A4B}.Release|x86.Build.0 = Release|Any CPU
		{F8117628-37B1-4AC5-8DD8-D2E40B3C7E6D}.Debug|Any CPU.ActiveCfg = Debug|Any CPU
		{F8117628-37B1-4AC5-8DD8-D2E40B3C7E6D}.Debug|Any CPU.Build.0 = Debug|Any CPU
		{F8117628-37B1-4AC5-8DD8-D2E40B3C7E6D}.Debug|ARM.ActiveCfg = Debug|Any CPU
		{F8117628-37B1-4AC5-8DD8-D2E40B3C7E6D}.Debug|ARM.Build.0 = Debug|Any CPU
		{F8117628-37B1-4AC5-8DD8-D2E40B3C7E6D}.Debug|x64.ActiveCfg = Debug|Any CPU
		{F8117628-37B1-4AC5-8DD8-D2E40B3C7E6D}.Debug|x64.Build.0 = Debug|Any CPU
		{F8117628-37B1-4AC5-8DD8-D2E40B3C7E6D}.Debug|x86.ActiveCfg = Debug|Any CPU
		{F8117628-37B1-4AC5-8DD8-D2E40B3C7E6D}.Debug|x86.Build.0 = Debug|Any CPU
		{F8117628-37B1-4AC5-8DD8-D2E40B3C7E6D}.Release|Any CPU.ActiveCfg = Release|Any CPU
		{F8117628-37B1-4AC5-8DD8-D2E40B3C7E6D}.Release|Any CPU.Build.0 = Release|Any CPU
		{F8117628-37B1-4AC5-8DD8-D2E40B3C7E6D}.Release|ARM.ActiveCfg = Release|Any CPU
		{F8117628-37B1-4AC5-8DD8-D2E40B3C7E6D}.Release|ARM.Build.0 = Release|Any CPU
		{F8117628-37B1-4AC5-8DD8-D2E40B3C7E6D}.Release|x64.ActiveCfg = Release|Any CPU
		{F8117628-37B1-4AC5-8DD8-D2E40B3C7E6D}.Release|x64.Build.0 = Release|Any CPU
		{F8117628-37B1-4AC5-8DD8-D2E40B3C7E6D}.Release|x86.ActiveCfg = Release|Any CPU
		{F8117628-37B1-4AC5-8DD8-D2E40B3C7E6D}.Release|x86.Build.0 = Release|Any CPU
		{789836B1-5825-4A86-ADFE-53952C204560}.Debug|Any CPU.ActiveCfg = Debug|Any CPU
		{789836B1-5825-4A86-ADFE-53952C204560}.Debug|Any CPU.Build.0 = Debug|Any CPU
		{789836B1-5825-4A86-ADFE-53952C204560}.Debug|ARM.ActiveCfg = Debug|ARM
		{789836B1-5825-4A86-ADFE-53952C204560}.Debug|ARM.Build.0 = Debug|ARM
		{789836B1-5825-4A86-ADFE-53952C204560}.Debug|x64.ActiveCfg = Debug|x64
		{789836B1-5825-4A86-ADFE-53952C204560}.Debug|x64.Build.0 = Debug|x64
		{789836B1-5825-4A86-ADFE-53952C204560}.Debug|x86.ActiveCfg = Debug|x86
		{789836B1-5825-4A86-ADFE-53952C204560}.Debug|x86.Build.0 = Debug|x86
		{789836B1-5825-4A86-ADFE-53952C204560}.Release|Any CPU.ActiveCfg = Release|Any CPU
		{789836B1-5825-4A86-ADFE-53952C204560}.Release|Any CPU.Build.0 = Release|Any CPU
		{789836B1-5825-4A86-ADFE-53952C204560}.Release|ARM.ActiveCfg = Release|ARM
		{789836B1-5825-4A86-ADFE-53952C204560}.Release|ARM.Build.0 = Release|ARM
		{789836B1-5825-4A86-ADFE-53952C204560}.Release|x64.ActiveCfg = Release|x64
		{789836B1-5825-4A86-ADFE-53952C204560}.Release|x64.Build.0 = Release|x64
		{789836B1-5825-4A86-ADFE-53952C204560}.Release|x86.ActiveCfg = Release|x86
		{789836B1-5825-4A86-ADFE-53952C204560}.Release|x86.Build.0 = Release|x86
	EndGlobalSection
	GlobalSection(SolutionProperties) = preSolution
		HideSolutionNode = FALSE
	EndGlobalSection
EndGlobal
